
Microsoft Visual Studio Solution File, Format Version 12.00
# Visual Studio Version 16
VisualStudioVersion = 16.0.30014.187
MinimumVisualStudioVersion = 10.0.40219.1
Project("{2150E333-8FDC-42A3-9474-1A3956D46DE8}") = "Application", "Application", "{D11886CA-8D11-442B-B04C-DA1C1F719900}"
EndProject
Project("{2150E333-8FDC-42A3-9474-1A3956D46DE8}") = "Domain", "Domain", "{A3C0531C-24EA-45D6-942A-F340298541DD}"
EndProject
Project("{2150E333-8FDC-42A3-9474-1A3956D46DE8}") = "Infra.IoC", "Infra.IoC", "{7FF0B62D-FAE5-4BD0-8402-28A7392FF6D0}"
EndProject
Project("{2150E333-8FDC-42A3-9474-1A3956D46DE8}") = "Infra.Data", "Infra.Data", "{3E8DCFE5-0C74-4BEC-9840-B7ACA4DE701B}"
EndProject
Project("{2150E333-8FDC-42A3-9474-1A3956D46DE8}") = "Presentation", "Presentation", "{32C81E5E-56FF-4D41-97DC-E3977E0E2293}"
EndProject
Project("{9A19103F-16F7-4668-BE54-9A1E7A4F7556}") = "CleanArch.Mvc", "CleanArch.Mvc\CleanArch.Mvc.csproj", "{1375BA2A-1FEC-49D5-ACE9-39254555B88A}"
EndProject
Project("{9A19103F-16F7-4668-BE54-9A1E7A4F7556}") = "CleanArch.Domain", "CleanArch.Domain\CleanArch.Domain.csproj", "{775268F4-7563-4F3D-BE56-4E7B36FFFF5E}"
EndProject
Project("{9A19103F-16F7-4668-BE54-9A1E7A4F7556}") = "CleanArch.Infra.Data", "CleanArch.Infra.Data\CleanArch.Infra.Data.csproj", "{2CF48C3F-8FD3-42D9-A89E-0AFCC94DA977}"
EndProject
Project("{9A19103F-16F7-4668-BE54-9A1E7A4F7556}") = "CleanArch.Application", "CleanArch.Application\CleanArch.Application.csproj", "{521F3242-6F0C-489F-8CE3-88B3027ABEED}"
EndProject
Project("{9A19103F-16F7-4668-BE54-9A1E7A4F7556}") = "CleanArch.Infra.IoC", "CleanArch.Infra.IoC\CleanArch.Infra.IoC.csproj", "{24089CD4-55F2-4B83-B25A-5FA4CCB40CB7}"
EndProject
Project("{2150E333-8FDC-42A3-9474-1A3956D46DE8}") = "Infra.Bus", "Infra.Bus", "{E48E2894-D127-4B26-B7A5-9E210E055E0E}"
EndProject
Project("{2150E333-8FDC-42A3-9474-1A3956D46DE8}") = "Api", "Api", "{5BD8B09D-D363-4D5D-BF22-364073795849}"
EndProject
Project("{FAE04EC0-301F-11D3-BF4B-00C04F79EFBC}") = "CleanArch.Infra.Bus", "CleanArch.Infra.Bus\CleanArch.Infra.Bus.csproj", "{58A51154-D8BC-4B9F-8AC6-4EF271130FBF}"
EndProject
Project("{FAE04EC0-301F-11D3-BF4B-00C04F79EFBC}") = "CleanArch.Domain.Core", "CleanArch.Domain.Core\CleanArch.Domain.Core.csproj", "{F960D493-F63B-4253-8A1B-5546F540353E}"
EndProject
Project("{FAE04EC0-301F-11D3-BF4B-00C04F79EFBC}") = "CleanArch.Api", "CleanArch.Api\CleanArch.Api.csproj", "{DE2539B4-4A0D-4610-ACF6-44A6301C6CF8}"
EndProject
Global
	GlobalSection(SolutionConfigurationPlatforms) = preSolution
		Debug|Any CPU = Debug|Any CPU
		Release|Any CPU = Release|Any CPU
	EndGlobalSection
	GlobalSection(ProjectConfigurationPlatforms) = postSolution
		{1375BA2A-1FEC-49D5-ACE9-39254555B88A}.Debug|Any CPU.ActiveCfg = Debug|Any CPU
		{1375BA2A-1FEC-49D5-ACE9-39254555B88A}.Debug|Any CPU.Build.0 = Debug|Any CPU
		{1375BA2A-1FEC-49D5-ACE9-39254555B88A}.Release|Any CPU.ActiveCfg = Release|Any CPU
		{1375BA2A-1FEC-49D5-ACE9-39254555B88A}.Release|Any CPU.Build.0 = Release|Any CPU
		{775268F4-7563-4F3D-BE56-4E7B36FFFF5E}.Debug|Any CPU.ActiveCfg = Debug|Any CPU
		{775268F4-7563-4F3D-BE56-4E7B36FFFF5E}.Debug|Any CPU.Build.0 = Debug|Any CPU
		{775268F4-7563-4F3D-BE56-4E7B36FFFF5E}.Release|Any CPU.ActiveCfg = Release|Any CPU
		{775268F4-7563-4F3D-BE56-4E7B36FFFF5E}.Release|Any CPU.Build.0 = Release|Any CPU
		{2CF48C3F-8FD3-42D9-A89E-0AFCC94DA977}.Debug|Any CPU.ActiveCfg = Debug|Any CPU
		{2CF48C3F-8FD3-42D9-A89E-0AFCC94DA977}.Debug|Any CPU.Build.0 = Debug|Any CPU
		{2CF48C3F-8FD3-42D9-A89E-0AFCC94DA977}.Release|Any CPU.ActiveCfg = Release|Any CPU
		{2CF48C3F-8FD3-42D9-A89E-0AFCC94DA977}.Release|Any CPU.Build.0 = Release|Any CPU
		{521F3242-6F0C-489F-8CE3-88B3027ABEED}.Debug|Any CPU.ActiveCfg = Debug|Any CPU
		{521F3242-6F0C-489F-8CE3-88B3027ABEED}.Debug|Any CPU.Build.0 = Debug|Any CPU
		{521F3242-6F0C-489F-8CE3-88B3027ABEED}.Release|Any CPU.ActiveCfg = Release|Any CPU
		{521F3242-6F0C-489F-8CE3-88B3027ABEED}.Release|Any CPU.Build.0 = Release|Any CPU
		{24089CD4-55F2-4B83-B25A-5FA4CCB40CB7}.Debug|Any CPU.ActiveCfg = Debug|Any CPU
		{24089CD4-55F2-4B83-B25A-5FA4CCB40CB7}.Debug|Any CPU.Build.0 = Debug|Any CPU
		{24089CD4-55F2-4B83-B25A-5FA4CCB40CB7}.Release|Any CPU.ActiveCfg = Release|Any CPU
		{24089CD4-55F2-4B83-B25A-5FA4CCB40CB7}.Release|Any CPU.Build.0 = Release|Any CPU
		{58A51154-D8BC-4B9F-8AC6-4EF271130FBF}.Debug|Any CPU.ActiveCfg = Debug|Any CPU
		{58A51154-D8BC-4B9F-8AC6-4EF271130FBF}.Debug|Any CPU.Build.0 = Debug|Any CPU
		{58A51154-D8BC-4B9F-8AC6-4EF271130FBF}.Release|Any CPU.ActiveCfg = Release|Any CPU
		{58A51154-D8BC-4B9F-8AC6-4EF271130FBF}.Release|Any CPU.Build.0 = Release|Any CPU
		{F960D493-F63B-4253-8A1B-5546F540353E}.Debug|Any CPU.ActiveCfg = Debug|Any CPU
		{F960D493-F63B-4253-8A1B-5546F540353E}.Debug|Any CPU.Build.0 = Debug|Any CPU
		{F960D493-F63B-4253-8A1B-5546F540353E}.Release|Any CPU.ActiveCfg = Release|Any CPU
		{F960D493-F63B-4253-8A1B-5546F540353E}.Release|Any CPU.Build.0 = Release|Any CPU
		{DE2539B4-4A0D-4610-ACF6-44A6301C6CF8}.Debug|Any CPU.ActiveCfg = Debug|Any CPU
		{DE2539B4-4A0D-4610-ACF6-44A6301C6CF8}.Debug|Any CPU.Build.0 = Debug|Any CPU
		{DE2539B4-4A0D-4610-ACF6-44A6301C6CF8}.Release|Any CPU.ActiveCfg = Release|Any CPU
		{DE2539B4-4A0D-4610-ACF6-44A6301C6CF8}.Release|Any CPU.Build.0 = Release|Any CPU
	EndGlobalSection
	GlobalSection(SolutionProperties) = preSolution
		HideSolutionNode = FALSE
	EndGlobalSection
	GlobalSection(NestedProjects) = preSolution
		{1375BA2A-1FEC-49D5-ACE9-39254555B88A} = {32C81E5E-56FF-4D41-97DC-E3977E0E2293}
		{775268F4-7563-4F3D-BE56-4E7B36FFFF5E} = {A3C0531C-24EA-45D6-942A-F340298541DD}
		{2CF48C3F-8FD3-42D9-A89E-0AFCC94DA977} = {3E8DCFE5-0C74-4BEC-9840-B7ACA4DE701B}
		{521F3242-6F0C-489F-8CE3-88B3027ABEED} = {D11886CA-8D11-442B-B04C-DA1C1F719900}
		{24089CD4-55F2-4B83-B25A-5FA4CCB40CB7} = {7FF0B62D-FAE5-4BD0-8402-28A7392FF6D0}
		{58A51154-D8BC-4B9F-8AC6-4EF271130FBF} = {E48E2894-D127-4B26-B7A5-9E210E055E0E}
		{F960D493-F63B-4253-8A1B-5546F540353E} = {A3C0531C-24EA-45D6-942A-F340298541DD}
		{DE2539B4-4A0D-4610-ACF6-44A6301C6CF8} = {5BD8B09D-D363-4D5D-BF22-364073795849}
	EndGlobalSection
	GlobalSection(ExtensibilityGlobals) = postSolution
		SolutionGuid = {B5EB8F0E-7674-4637-88C4-BD69A1452FC3}
	EndGlobalSection
EndGlobal
